# This file is automatically @generated by Cargo.
# It is not intended for manual editing.
version = 4

[[package]]
name = "hugit-app"
version = "0.1.0"

[[package]]
name = "hugit-checks"
version = "0.1.0"

[[package]]
name = "hugit-cli"
version = "0.1.0"

[[package]]
name = "hugit-diag"
version = "0.1.0"

[[package]]
name = "hugit-fence"
version = "0.1.0"

[[package]]
name = "hugit-ledger"
version = "0.1.0"

[[package]]
name = "hugit-mirror"
version = "0.1.0"

[[package]]
name = "hugit-policy"
version = "0.1.0"

[[package]]
name = "hugit-proto"
version = "0.1.0"

[[package]]
name = "hugit-queue"
version = "0.1.0"

[[package]]
name = "hugit-refstore"
version = "0.1.0"

[[package]]
name = "hugit-runner"
version = "0.1.0"
